
Microsoft Visual Studio Solution File, Format Version 12.00
# Visual Studio Version 16
VisualStudioVersion = 16.0.31829.152
MinimumVisualStudioVersion = 10.0.40219.1
Project("{8BC9CEB8-8B4A-11D0-8D11-00A0C91BC942}") = "cu2dfft", "cu2dfft\cu2dfft.vcxproj", "{05BDDFD2-CF7A-4476-9FC1-B7F9DB1E4F0B}"
EndProject
Project("{8BC9CEB8-8B4A-11D0-8D11-00A0C91BC942}") = "sample_cufft_2d", "cu2dfft\sample_cufft_2d.vcxproj", "{312FF315-CDBB-4B45-BE98-4AC780A2BB32}"
EndProject
Global
	GlobalSection(SolutionConfigurationPlatforms) = preSolution
		Debug|x64 = Debug|x64
		Release|x64 = Release|x64
	EndGlobalSection
	GlobalSection(ProjectConfigurationPlatforms) = postSolution
		{05BDDFD2-CF7A-4476-9FC1-B7F9DB1E4F0B}.Debug|x64.ActiveCfg = Debug|x64
		{05BDDFD2-CF7A-4476-9FC1-B7F9DB1E4F0B}.Debug|x64.Build.0 = Debug|x64
		{05BDDFD2-CF7A-4476-9FC1-B7F9DB1E4F0B}.Release|x64.ActiveCfg = Release|x64
		{05BDDFD2-CF7A-4476-9FC1-B7F9DB1E4F0B}.Release|x64.Build.0 = Release|x64
		{312FF315-CDBB-4B45-BE98-4AC780A2BB32}.Debug|x64.ActiveCfg = Debug|x64
		{312FF315-CDBB-4B45-BE98-4AC780A2BB32}.Debug|x64.Build.0 = Debug|x64
		{312FF315-CDBB-4B45-BE98-4AC780A2BB32}.Release|x64.ActiveCfg = Release|x64
		{312FF315-CDBB-4B45-BE98-4AC780A2BB32}.Release|x64.Build.0 = Release|x64
	EndGlobalSection
	GlobalSection(SolutionProperties) = preSolution
		HideSolutionNode = FALSE
	EndGlobalSection
	GlobalSection(ExtensibilityGlobals) = postSolution
		SolutionGuid = {17AC61A8-3C85-445F-A220-1DD4E54D6494}
	EndGlobalSection
EndGlobal
